
Microsoft Visual Studio Solution File, Format Version 12.00
# Visual Studio Version 16
VisualStudioVersion = 16.0.30907.101
MinimumVisualStudioVersion = 10.0.40219.1
Project("{FAE04EC0-301F-11D3-BF4B-00C04F79EFBC}") = "DispelTools", "DispelToolsApp\DispelTools.csproj", "{C582770F-DE2D-4B45-87DA-1A526D24EAB4}"
EndProject
Project("{FAE04EC0-301F-11D3-BF4B-00C04F79EFBC}") = "DispelToolsTests", "DispelToolsTests\DispelToolsTests.csproj", "{61402419-3BEF-40DC-B008-810859B28B02}"
EndProject
Project("{2150E333-8FDC-42A3-9474-1A3956D46DE8}") = "Solution Items", "Solution Items", "{CB549688-BBA7-4020-AD31-3F77D2A76116}"
	ProjectSection(SolutionItems) = preProject
		ReadMe.md = ReadMe.md
	EndProjectSection
EndProject
Global
	GlobalSection(SolutionConfigurationPlatforms) = preSolution
		Debug|Any CPU = Debug|Any CPU
		Release|Any CPU = Release|Any CPU
	EndGlobalSection
	GlobalSection(ProjectConfigurationPlatforms) = postSolution
		{C582770F-DE2D-4B45-87DA-1A526D24EAB4}.Debug|Any CPU.ActiveCfg = Debug|Any CPU
		{C582770F-DE2D-4B45-87DA-1A526D24EAB4}.Debug|Any CPU.Build.0 = Debug|Any CPU
		{C582770F-DE2D-4B45-87DA-1A526D24EAB4}.Release|Any CPU.ActiveCfg = Release|Any CPU
		{C582770F-DE2D-4B45-87DA-1A526D24EAB4}.Release|Any CPU.Build.0 = Release|Any CPU
		{61402419-3BEF-40DC-B008-810859B28B02}.Debug|Any CPU.ActiveCfg = Debug|Any CPU
		{61402419-3BEF-40DC-B008-810859B28B02}.Debug|Any CPU.Build.0 = Debug|Any CPU
		{61402419-3BEF-40DC-B008-810859B28B02}.Release|Any CPU.ActiveCfg = Release|Any CPU
		{61402419-3BEF-40DC-B008-810859B28B02}.Release|Any CPU.Build.0 = Release|Any CPU
	EndGlobalSection
	GlobalSection(SolutionProperties) = preSolution
		HideSolutionNode = FALSE
	EndGlobalSection
	GlobalSection(ExtensibilityGlobals) = postSolution
		SolutionGuid = {CBE07400-64DE-46E8-8F31-D403DF59F5B3}
	EndGlobalSection
EndGlobal
